
Microsoft Visual Studio Solution File, Format Version 12.00
# Visual Studio 14
VisualStudioVersion = 14.0.25420.1
MinimumVisualStudioVersion = 10.0.40219.1
Project("{FAE04EC0-301F-11D3-BF4B-00C04F79EFBC}") = "TrelloTest", "TrelloTest\TrelloTest.csproj", "{B671B978-B5C8-46F1-B7F4-02FE34EE258A}"
EndProject
Project("{FAE04EC0-301F-11D3-BF4B-00C04F79EFBC}") = "UnitTests", "UnitTests\UnitTests.csproj", "{632877DE-3D94-4BDC-BD55-C1E2E62907C8}"
EndProject
Project("{2150E333-8FDC-42A3-9474-1A3956D46DE8}") = "Solution Items", "Solution Items", "{B34D0885-E2B7-45B8-AF6E-C3A204ED93FD}"
	ProjectSection(SolutionItems) = preProject
		bunny.jpg = bunny.jpg
		README.md = README.md
		ToDo.txt = ToDo.txt
	EndProjectSection
EndProject
Global
	GlobalSection(SolutionConfigurationPlatforms) = preSolution
		Debug|Any CPU = Debug|Any CPU
		Release|Any CPU = Release|Any CPU
	EndGlobalSection
	GlobalSection(ProjectConfigurationPlatforms) = postSolution
		{B671B978-B5C8-46F1-B7F4-02FE34EE258A}.Debug|Any CPU.ActiveCfg = Debug|Any CPU
		{B671B978-B5C8-46F1-B7F4-02FE34EE258A}.Debug|Any CPU.Build.0 = Debug|Any CPU
		{B671B978-B5C8-46F1-B7F4-02FE34EE258A}.Release|Any CPU.ActiveCfg = Release|Any CPU
		{B671B978-B5C8-46F1-B7F4-02FE34EE258A}.Release|Any CPU.Build.0 = Release|Any CPU
		{632877DE-3D94-4BDC-BD55-C1E2E62907C8}.Debug|Any CPU.ActiveCfg = Debug|Any CPU
		{632877DE-3D94-4BDC-BD55-C1E2E62907C8}.Debug|Any CPU.Build.0 = Debug|Any CPU
		{632877DE-3D94-4BDC-BD55-C1E2E62907C8}.Release|Any CPU.ActiveCfg = Release|Any CPU
		{632877DE-3D94-4BDC-BD55-C1E2E62907C8}.Release|Any CPU.Build.0 = Release|Any CPU
	EndGlobalSection
	GlobalSection(SolutionProperties) = preSolution
		HideSolutionNode = FALSE
	EndGlobalSection
EndGlobal
